
Microsoft Visual Studio Solution File, Format Version 12.00
# Visual Studio Version 16
VisualStudioVersion = 16.0.29519.181
MinimumVisualStudioVersion = 10.0.40219.1
Project("{FAE04EC0-301F-11D3-BF4B-00C04F79EFBC}") = "WarbandKillfeed", "WarbandKillfeed.csproj", "{542306F9-8E84-402E-B1E5-A32A25B0CDAD}"
EndProject
Global
	GlobalSection(SolutionConfigurationPlatforms) = preSolution
		Debug|Any CPU = Debug|Any CPU
		Release|Any CPU = Release|Any CPU
	EndGlobalSection
	GlobalSection(ProjectConfigurationPlatforms) = postSolution
		{542306F9-8E84-402E-B1E5-A32A25B0CDAD}.Debug|Any CPU.ActiveCfg = Debug|Any CPU
		{542306F9-8E84-402E-B1E5-A32A25B0CDAD}.Debug|Any CPU.Build.0 = Debug|Any CPU
		{542306F9-8E84-402E-B1E5-A32A25B0CDAD}.Release|Any CPU.ActiveCfg = Release|Any CPU
		{542306F9-8E84-402E-B1E5-A32A25B0CDAD}.Release|Any CPU.Build.0 = Release|Any CPU
	EndGlobalSection
	GlobalSection(SolutionProperties) = preSolution
		HideSolutionNode = FALSE
	EndGlobalSection
	GlobalSection(ExtensibilityGlobals) = postSolution
		SolutionGuid = {AC4E02B8-6F34-4569-ADEA-317A994AEF91}
	EndGlobalSection
EndGlobal
